
Microsoft Visual Studio Solution File, Format Version 12.00
# Visual Studio Version 17
VisualStudioVersion = 17.3.32922.545
MinimumVisualStudioVersion = 10.0.40219.1
Project("{FAE04EC0-301F-11D3-BF4B-00C04F79EFBC}") = "Le_jeu_de_la_vie", "Le_jeu_de_la_vie.csproj", "{B830EA0E-660C-4610-B1ED-18073436718B}"
EndProject
Global
	GlobalSection(SolutionConfigurationPlatforms) = preSolution
		Debug|Any CPU = Debug|Any CPU
		Release|Any CPU = Release|Any CPU
	EndGlobalSection
	GlobalSection(ProjectConfigurationPlatforms) = postSolution
		{B830EA0E-660C-4610-B1ED-18073436718B}.Debug|Any CPU.ActiveCfg = Debug|Any CPU
		{B830EA0E-660C-4610-B1ED-18073436718B}.Debug|Any CPU.Build.0 = Debug|Any CPU
		{B830EA0E-660C-4610-B1ED-18073436718B}.Release|Any CPU.ActiveCfg = Release|Any CPU
		{B830EA0E-660C-4610-B1ED-18073436718B}.Release|Any CPU.Build.0 = Release|Any CPU
	EndGlobalSection
	GlobalSection(SolutionProperties) = preSolution
		HideSolutionNode = FALSE
	EndGlobalSection
	GlobalSection(ExtensibilityGlobals) = postSolution
		SolutionGuid = {397CCD46-29D4-4567-8626-8DF49A5E1C85}
	EndGlobalSection
EndGlobal
